
Microsoft Visual Studio Solution File, Format Version 12.00
# Visual Studio Version 17
VisualStudioVersion = 17.5.33530.505
MinimumVisualStudioVersion = 10.0.40219.1
Project("{FAE04EC0-301F-11D3-BF4B-00C04F79EFBC}") = "Recibos", "Recibos.csproj", "{DAD3E997-E84B-4AD2-9DC5-968CB83A43A4}"
EndProject
Project("{2150E333-8FDC-42A3-9474-1A3956D46DE8}") = "Itens de Solução", "Itens de Solução", "{795782B1-8187-4357-99F4-71C810819899}"
EndProject
Global
	GlobalSection(SolutionConfigurationPlatforms) = preSolution
		Debug|Any CPU = Debug|Any CPU
		Release|Any CPU = Release|Any CPU
	EndGlobalSection
	GlobalSection(ProjectConfigurationPlatforms) = postSolution
		{DAD3E997-E84B-4AD2-9DC5-968CB83A43A4}.Debug|Any CPU.ActiveCfg = Debug|Any CPU
		{DAD3E997-E84B-4AD2-9DC5-968CB83A43A4}.Debug|Any CPU.Build.0 = Debug|Any CPU
		{DAD3E997-E84B-4AD2-9DC5-968CB83A43A4}.Release|Any CPU.ActiveCfg = Release|Any CPU
		{DAD3E997-E84B-4AD2-9DC5-968CB83A43A4}.Release|Any CPU.Build.0 = Release|Any CPU
	EndGlobalSection
	GlobalSection(SolutionProperties) = preSolution
		HideSolutionNode = FALSE
	EndGlobalSection
	GlobalSection(ExtensibilityGlobals) = postSolution
		SolutionGuid = {DD1CEA09-F04B-40F6-AAEA-08595A2980A4}
	EndGlobalSection
EndGlobal
